
Microsoft Visual Studio Solution File, Format Version 12.00
# Visual Studio 14
VisualStudioVersion = 14.0.25420.1
MinimumVisualStudioVersion = 10.0.40219.1
Project("{8BC9CEB8-8B4A-11D0-8D11-00A0C91BC942}") = "InteractiveNotifications", "InteractiveNotifications\InteractiveNotifications.vcxproj", "{B91A1412-0DC3-44DE-B509-CBBDB2FF48D8}"
EndProject
Project("{8BC9CEB8-8B4A-11D0-8D11-00A0C91BC942}") = "InteractiveTest", "InteractiveTest\InteractiveTest.vcxproj", "{D7F7348F-6D8E-4304-9A2B-09A9AE6EDCA5}"
EndProject
Project("{FAE04EC0-301F-11D3-BF4B-00C04F79EFBC}") = "InteractiveManagedTest", "InteractiveManagedTest\InteractiveManagedTest.csproj", "{AB8EB3E3-6DBD-4D92-A487-D9E032116A73}"
EndProject
Global
	GlobalSection(SolutionConfigurationPlatforms) = preSolution
		Debug|Any CPU = Debug|Any CPU
		Debug|Win32 = Debug|Win32
		Debug|x64 = Debug|x64
		Debug|x86 = Debug|x86
		Release|Any CPU = Release|Any CPU
		Release|Win32 = Release|Win32
		Release|x64 = Release|x64
		Release|x86 = Release|x86
	EndGlobalSection
	GlobalSection(ProjectConfigurationPlatforms) = postSolution
		{B91A1412-0DC3-44DE-B509-CBBDB2FF48D8}.Debug|Any CPU.ActiveCfg = Debug|Win32
		{B91A1412-0DC3-44DE-B509-CBBDB2FF48D8}.Debug|Any CPU.Build.0 = Debug|Win32
		{B91A1412-0DC3-44DE-B509-CBBDB2FF48D8}.Debug|Win32.ActiveCfg = Debug|Win32
		{B91A1412-0DC3-44DE-B509-CBBDB2FF48D8}.Debug|Win32.Build.0 = Debug|Win32
		{B91A1412-0DC3-44DE-B509-CBBDB2FF48D8}.Debug|x64.ActiveCfg = Release|x64
		{B91A1412-0DC3-44DE-B509-CBBDB2FF48D8}.Debug|x64.Build.0 = Release|x64
		{B91A1412-0DC3-44DE-B509-CBBDB2FF48D8}.Debug|x86.ActiveCfg = Debug|Win32
		{B91A1412-0DC3-44DE-B509-CBBDB2FF48D8}.Debug|x86.Build.0 = Debug|Win32
		{B91A1412-0DC3-44DE-B509-CBBDB2FF48D8}.Release|Any CPU.ActiveCfg = Release|Win32
		{B91A1412-0DC3-44DE-B509-CBBDB2FF48D8}.Release|Any CPU.Build.0 = Release|Win32
		{B91A1412-0DC3-44DE-B509-CBBDB2FF48D8}.Release|Win32.ActiveCfg = Release|Win32
		{B91A1412-0DC3-44DE-B509-CBBDB2FF48D8}.Release|Win32.Build.0 = Release|Win32
		{B91A1412-0DC3-44DE-B509-CBBDB2FF48D8}.Release|x64.ActiveCfg = Release|x64
		{B91A1412-0DC3-44DE-B509-CBBDB2FF48D8}.Release|x64.Build.0 = Release|x64
		{B91A1412-0DC3-44DE-B509-CBBDB2FF48D8}.Release|x86.ActiveCfg = Release|Win32
		{B91A1412-0DC3-44DE-B509-CBBDB2FF48D8}.Release|x86.Build.0 = Release|Win32
		{D7F7348F-6D8E-4304-9A2B-09A9AE6EDCA5}.Debug|Any CPU.ActiveCfg = Debug|Win32
		{D7F7348F-6D8E-4304-9A2B-09A9AE6EDCA5}.Debug|Any CPU.Build.0 = Debug|Win32
		{D7F7348F-6D8E-4304-9A2B-09A9AE6EDCA5}.Debug|Win32.ActiveCfg = Debug|Win32
		{D7F7348F-6D8E-4304-9A2B-09A9AE6EDCA5}.Debug|Win32.Build.0 = Debug|Win32
		{D7F7348F-6D8E-4304-9A2B-09A9AE6EDCA5}.Debug|x64.ActiveCfg = Debug|x64
		{D7F7348F-6D8E-4304-9A2B-09A9AE6EDCA5}.Debug|x64.Build.0 = Debug|x64
		{D7F7348F-6D8E-4304-9A2B-09A9AE6EDCA5}.Debug|x86.ActiveCfg = Debug|Win32
		{D7F7348F-6D8E-4304-9A2B-09A9AE6EDCA5}.Debug|x86.Build.0 = Debug|Win32
		{D7F7348F-6D8E-4304-9A2B-09A9AE6EDCA5}.Release|Any CPU.ActiveCfg = Release|Win32
		{D7F7348F-6D8E-4304-9A2B-09A9AE6EDCA5}.Release|Any CPU.Build.0 = Release|Win32
		{D7F7348F-6D8E-4304-9A2B-09A9AE6EDCA5}.Release|Win32.ActiveCfg = Release|Win32
		{D7F7348F-6D8E-4304-9A2B-09A9AE6EDCA5}.Release|Win32.Build.0 = Release|Win32
		{D7F7348F-6D8E-4304-9A2B-09A9AE6EDCA5}.Release|x64.ActiveCfg = Release|x64
		{D7F7348F-6D8E-4304-9A2B-09A9AE6EDCA5}.Release|x64.Build.0 = Release|x64
		{D7F7348F-6D8E-4304-9A2B-09A9AE6EDCA5}.Release|x86.ActiveCfg = Release|Win32
		{D7F7348F-6D8E-4304-9A2B-09A9AE6EDCA5}.Release|x86.Build.0 = Release|Win32
		{AB8EB3E3-6DBD-4D92-A487-D9E032116A73}.Debug|Any CPU.ActiveCfg = Debug|Any CPU
		{AB8EB3E3-6DBD-4D92-A487-D9E032116A73}.Debug|Any CPU.Build.0 = Debug|Any CPU
		{AB8EB3E3-6DBD-4D92-A487-D9E032116A73}.Debug|Win32.ActiveCfg = Debug|Any CPU
		{AB8EB3E3-6DBD-4D92-A487-D9E032116A73}.Debug|Win32.Build.0 = Debug|Any CPU
		{AB8EB3E3-6DBD-4D92-A487-D9E032116A73}.Debug|x64.ActiveCfg = Debug|Any CPU
		{AB8EB3E3-6DBD-4D92-A487-D9E032116A73}.Debug|x64.Build.0 = Debug|Any CPU
		{AB8EB3E3-6DBD-4D92-A487-D9E032116A73}.Debug|x86.ActiveCfg = Debug|Any CPU
		{AB8EB3E3-6DBD-4D92-A487-D9E032116A73}.Debug|x86.Build.0 = Debug|Any CPU
		{AB8EB3E3-6DBD-4D92-A487-D9E032116A73}.Release|Any CPU.ActiveCfg = Release|Any CPU
		{AB8EB3E3-6DBD-4D92-A487-D9E032116A73}.Release|Any CPU.Build.0 = Release|Any CPU
		{AB8EB3E3-6DBD-4D92-A487-D9E032116A73}.Release|Win32.ActiveCfg = Release|Any CPU
		{AB8EB3E3-6DBD-4D92-A487-D9E032116A73}.Release|Win32.Build.0 = Release|Any CPU
		{AB8EB3E3-6DBD-4D92-A487-D9E032116A73}.Release|x64.ActiveCfg = Release|Any CPU
		{AB8EB3E3-6DBD-4D92-A487-D9E032116A73}.Release|x64.Build.0 = Release|Any CPU
		{AB8EB3E3-6DBD-4D92-A487-D9E032116A73}.Release|x86.ActiveCfg = Release|Any CPU
		{AB8EB3E3-6DBD-4D92-A487-D9E032116A73}.Release|x86.Build.0 = Release|Any CPU
	EndGlobalSection
	GlobalSection(SolutionProperties) = preSolution
		HideSolutionNode = FALSE
	EndGlobalSection
EndGlobal
